// !$*UTF8*$!
{
	archiveVersion = 1;
	classes = {
	};
	objectVersion = 50;
	objects = {

/* Begin PBXBuildFile section */
		BEA56AEC21E6450B000E736C /* AppDelegate.swift in Sources */ = {isa = PBXBuildFile; fileRef = BEA56AEB21E6450B000E736C /* AppDelegate.swift */; };
		BEA56AF121E6450B000E736C /* GameEngine_Metal.xcdatamodeld in Sources */ = {isa = PBXBuildFile; fileRef = BEA56AEF21E6450B000E736C /* GameEngine_Metal.xcdatamodeld */; };
		BEA56AF321E6450D000E736C /* Assets.xcassets in Resources */ = {isa = PBXBuildFile; fileRef = BEA56AF221E6450D000E736C /* Assets.xcassets */; };
		BEA56AF621E6450D000E736C /* Main.storyboard in Resources */ = {isa = PBXBuildFile; fileRef = BEA56AF421E6450D000E736C /* Main.storyboard */; };
		BEA56B0021E646BF000E736C /* GameView.swift in Sources */ = {isa = PBXBuildFile; fileRef = BEA56AFF21E646BF000E736C /* GameView.swift */; };
		BEA56B0221E64C45000E736C /* MyShaders.metal in Sources */ = {isa = PBXBuildFile; fileRef = BEA56B0121E64C45000E736C /* MyShaders.metal */; };
/* End PBXBuildFile section */

/* Begin PBXFileReference section */
		BEA56AE821E6450B000E736C /* GameEngine_Metal.app */ = {isa = PBXFileReference; explicitFileType = wrapper.application; includeInIndex = 0; path = GameEngine_Metal.app; sourceTree = BUILT_PRODUCTS_DIR; };
		BEA56AEB21E6450B000E736C /* AppDelegate.swift */ = {isa = PBXFileReference; lastKnownFileType = sourcecode.swift; path = AppDelegate.swift; sourceTree = "<group>"; };
		BEA56AF021E6450B000E736C /* GameEngine_Metal.xcdatamodel */ = {isa = PBXFileReference; lastKnownFileType = wrapper.xcdatamodel; path = GameEngine_Metal.xcdatamodel; sourceTree = "<group>"; };
		BEA56AF221E6450D000E736C /* Assets.xcassets */ = {isa = PBXFileReference; lastKnownFileType = folder.assetcatalog; path = Assets.xcassets; sourceTree = "<group>"; };
		BEA56AF521E6450D000E736C /* Base */ = {isa = PBXFileReference; lastKnownFileType = file.storyboard; name = Base; path = Base.lproj/Main.storyboard; sourceTree = "<group>"; };
		BEA56AF721E6450D000E736C /* Info.plist */ = {isa = PBXFileReference; lastKnownFileType = text.plist.xml; path = Info.plist; sourceTree = "<group>"; };
		BEA56AF821E6450D000E736C /* GameEngine_Metal.entitlements */ = {isa = PBXFileReference; lastKnownFileType = text.plist.entitlements; path = GameEngine_Metal.entitlements; sourceTree = "<group>"; };
		BEA56AFF21E646BF000E736C /* GameView.swift */ = {isa = PBXFileReference; lastKnownFileType = sourcecode.swift; path = GameView.swift; sourceTree = "<group>"; };
		BEA56B0121E64C45000E736C /* MyShaders.metal */ = {isa = PBXFileReference; lastKnownFileType = sourcecode.metal; path = MyShaders.metal; sourceTree = "<group>"; };
/* End PBXFileReference section */

/* Begin PBXFrameworksBuildPhase section */
		BEA56AE521E6450B000E736C /* Frameworks */ = {
			isa = PBXFrameworksBuildPhase;
			buildActionMask = 2147483647;
			files = (
			);
			runOnlyForDeploymentPostprocessing = 0;
		};
/* End PBXFrameworksBuildPhase section */

/* Begin PBXGroup section */
		BEA56ADF21E6450B000E736C = {
			isa = PBXGroup;
			children = (
				BEA56AEA21E6450B000E736C /* GameEngine_Metal */,
				BEA56AE921E6450B000E736C /* Products */,
			);
			sourceTree = "<group>";
		};
		BEA56AE921E6450B000E736C /* Products */ = {
			isa = PBXGroup;
			children = (
				BEA56AE821E6450B000E736C /* GameEngine_Metal.app */,
			);
			name = Products;
			sourceTree = "<group>";
		};
		BEA56AEA21E6450B000E736C /* GameEngine_Metal */ = {
			isa = PBXGroup;
			children = (
				BEA56AFE21E6453D000E736C /* Required */,
				BEA56AFF21E646BF000E736C /* GameView.swift */,
				BEA56B0121E64C45000E736C /* MyShaders.metal */,
			);
			path = GameEngine_Metal;
			sourceTree = "<group>";
		};
		BEA56AFE21E6453D000E736C /* Required */ = {
			isa = PBXGroup;
			children = (
				BEA56AEB21E6450B000E736C /* AppDelegate.swift */,
				BEA56AF221E6450D000E736C /* Assets.xcassets */,
				BEA56AF421E6450D000E736C /* Main.storyboard */,
				BEA56AF721E6450D000E736C /* Info.plist */,
				BEA56AF821E6450D000E736C /* GameEngine_Metal.entitlements */,
				BEA56AEF21E6450B000E736C /* GameEngine_Metal.xcdatamodeld */,
			);
			path = Required;
			sourceTree = "<group>";
		};
/* End PBXGroup section */

/* Begin PBXNativeTarget section */
		BEA56AE721E6450B000E736C /* GameEngine_Metal */ = {
			isa = PBXNativeTarget;
			buildConfigurationList = BEA56AFB21E6450D000E736C /* Build configuration list for PBXNativeTarget "GameEngine_Metal" */;
			buildPhases = (
				BEA56AE421E6450B000E736C /* Sources */,
				BEA56AE521E6450B000E736C /* Frameworks */,
				BEA56AE621E6450B000E736C /* Resources */,
			);
			buildRules = (
			);
			dependencies = (
			);
			name = GameEngine_Metal;
			productName = GameEngine_Metal;
			productReference = BEA56AE821E6450B000E736C /* GameEngine_Metal.app */;
			productType = "com.apple.product-type.application";
		};
/* End PBXNativeTarget section */

/* Begin PBXProject section */
		BEA56AE021E6450B000E736C /* Project object */ = {
			isa = PBXProject;
			attributes = {
				LastSwiftUpdateCheck = 1010;
				LastUpgradeCheck = 1010;
				ORGANIZATIONNAME = "Wes Brown";
				TargetAttributes = {
					BEA56AE721E6450B000E736C = {
						CreatedOnToolsVersion = 10.1;
					};
				};
			};
			buildConfigurationList = BEA56AE321E6450B000E736C /* Build configuration list for PBXProject "GameEngine_Metal" */;
			compatibilityVersion = "Xcode 9.3";
			developmentRegion = en;
			hasScannedForEncodings = 0;
			knownRegions = (
				en,
				Base,
			);
			mainGroup = BEA56ADF21E6450B000E736C;
			productRefGroup = BEA56AE921E6450B000E736C /* Products */;
			projectDirPath = "";
			projectRoot = "";
			targets = (
				BEA56AE721E6450B000E736C /* GameEngine_Metal */,
			);
		};
/* End PBXProject section */

/* Begin PBXResourcesBuildPhase section */
		BEA56AE621E6450B000E736C /* Resources */ = {
			isa = PBXResourcesBuildPhase;
			buildActionMask = 2147483647;
			files = (
				BEA56AF321E6450D000E736C /* Assets.xcassets in Resources */,
				BEA56AF621E6450D000E736C /* Main.storyboard in Resources */,
			);
			runOnlyForDeploymentPostprocessing = 0;
		};
/* End PBXResourcesBuildPhase section */

/* Begin PBXSourcesBuildPhase section */
		BEA56AE421E6450B000E736C /* Sources */ = {
			isa = PBXSourcesBuildPhase;
			buildActionMask = 2147483647;
			files = (
				BEA56B0221E64C45000E736C /* MyShaders.metal in Sources */,
				BEA56AF121E6450B000E736C /* GameEngine_Metal.xcdatamodeld in Sources */,
				BEA56B0021E646BF000E736C /* GameView.swift in Sources */,
				BEA56AEC21E6450B000E736C /* AppDelegate.swift in Sources */,
			);
			runOnlyForDeploymentPostprocessing = 0;
		};
/* End PBXSourcesBuildPhase section */

/* Begin PBXVariantGroup section */
		BEA56AF421E6450D000E736C /* Main.storyboard */ = {
			isa = PBXVariantGroup;
			children = (
				BEA56AF521E6450D000E736C /* Base */,
			);
			name = Main.storyboard;
			sourceTree = "<group>";
		};
/* End PBXVariantGroup section */

/* Begin XCBuildConfiguration section */
		BEA56AF921E6450D000E736C /* Debug */ = {
			isa = XCBuildConfiguration;
			buildSettings = {
				ALWAYS_SEARCH_USER_PATHS = NO;
				CLANG_ANALYZER_NONNULL = YES;
				CLANG_ANALYZER_NUMBER_OBJECT_CONVERSION = YES_AGGRESSIVE;
				CLANG_CXX_LANGUAGE_STANDARD = "gnu++14";
				CLANG_CXX_LIBRARY = "libc++";
				CLANG_ENABLE_MODULES = YES;
				CLANG_ENABLE_OBJC_ARC = YES;
				CLANG_ENABLE_OBJC_WEAK = YES;
				CLANG_WARN_BLOCK_CAPTURE_AUTORELEASING = YES;
				CLANG_WARN_BOOL_CONVERSION = YES;
				CLANG_WARN_COMMA = YES;
				CLANG_WARN_CONSTANT_CONVERSION = YES;
				CLANG_WARN_DEPRECATED_OBJC_IMPLEMENTATIONS = YES;
				CLANG_WARN_DIRECT_OBJC_ISA_USAGE = YES_ERROR;
				CLANG_WARN_DOCUMENTATION_COMMENTS = YES;
				CLANG_WARN_EMPTY_BODY = YES;
				CLANG_WARN_ENUM_CONVERSION = YES;
				CLANG_WARN_INFINITE_RECURSION = YES;
				CLANG_WARN_INT_CONVERSION = YES;
				CLANG_WARN_NON_LITERAL_NULL_CONVERSION = YES;
				CLANG_WARN_OBJC_IMPLICIT_RETAIN_SELF = YES;
				CLANG_WARN_OBJC_LITERAL_CONVERSION = YES;
				CLANG_WARN_OBJC_ROOT_CLASS = YES_ERROR;
				CLANG_WARN_RANGE_LOOP_ANALYSIS = YES;
				CLANG_WARN_STRICT_PROTOTYPES = YES;
				CLANG_WARN_SUSPICIOUS_MOVE = YES;
				CLANG_WARN_UNGUARDED_AVAILABILITY = YES_AGGRESSIVE;
				CLANG_WARN_UNREACHABLE_CODE = YES;
				CLANG_WARN__DUPLICATE_METHOD_MATCH = YES;
				CODE_SIGN_IDENTITY = "-";
				COPY_PHASE_STRIP = NO;
				DEBUG_INFORMATION_FORMAT = dwarf;
				ENABLE_STRICT_OBJC_MSGSEND = YES;
				ENABLE_TESTABILITY = YES;
				GCC_C_LANGUAGE_STANDARD = gnu11;
				GCC_DYNAMIC_NO_PIC = NO;
				GCC_NO_COMMON_BLOCKS = YES;
				GCC_OPTIMIZATION_LEVEL = 0;
				GCC_PREPROCESSOR_DEFINITIONS = (
					"DEBUG=1",
					"$(inherited)",
				);
				GCC_WARN_64_TO_32_BIT_CONVERSION = YES;
				GCC_WARN_ABOUT_RETURN_TYPE = YES_ERROR;
				GCC_WARN_UNDECLARED_SELECTOR = YES;
				GCC_WARN_UNINITIALIZED_AUTOS = YES_AGGRESSIVE;
				GCC_WARN_UNUSED_FUNCTION = YES;
				GCC_WARN_UNUSED_VARIABLE = YES;
				MACOSX_DEPLOYMENT_TARGET = 10.14;
				MTL_ENABLE_DEBUG_INFO = INCLUDE_SOURCE;
				MTL_FAST_MATH = YES;
				ONLY_ACTIVE_ARCH = YES;
				SDKROOT = macosx;
				SWIFT_ACTIVE_COMPILATION_CONDITIONS = DEBUG;
				SWIFT_OPTIMIZATION_LEVEL = "-Onone";
			};
			name = Debug;
		};
		BEA56AFA21E6450D000E736C /* Release */ = {
			isa = XCBuildConfiguration;
			buildSettings = {
				ALWAYS_SEARCH_USER_PATHS = NO;
				CLANG_ANALYZER_NONNULL = YES;
				CLANG_ANALYZER_NUMBER_OBJECT_CONVERSION = YES_AGGRESSIVE;
				CLANG_CXX_LANGUAGE_STANDARD = "gnu++14";
				CLANG_CXX_LIBRARY = "libc++";
				CLANG_ENABLE_MODULES = YES;
				CLANG_ENABLE_OBJC_ARC = YES;
				CLANG_ENABLE_OBJC_WEAK = YES;
				CLANG_WARN_BLOCK_CAPTURE_AUTORELEASING = YES;
				CLANG_WARN_BOOL_CONVERSION = YES;
				CLANG_WARN_COMMA = YES;
				CLANG_WARN_CONSTANT_CONVERSION = YES;
				CLANG_WARN_DEPRECATED_OBJC_IMPLEMENTATIONS = YES;
				CLANG_WARN_DIRECT_OBJC_ISA_USAGE = YES_ERROR;
				CLANG_WARN_DOCUMENTATION_COMMENTS = YES;
				CLANG_WARN_EMPTY_BODY = YES;
				CLANG_WARN_ENUM_CONVERSION = YES;
				CLANG_WARN_INFINITE_RECURSION = YES;
				CLANG_WARN_INT_CONVERSION = YES;
				CLANG_WARN_NON_LITERAL_NULL_CONVERSION = YES;
				CLANG_WARN_OBJC_IMPLICIT_RETAIN_SELF = YES;
				CLANG_WARN_OBJC_LITERAL_CONVERSION = YES;
				CLANG_WARN_OBJC_ROOT_CLASS = YES_ERROR;
				CLANG_WARN_RANGE_LOOP_ANALYSIS = YES;
				CLANG_WARN_STRICT_PROTOTYPES = YES;
				CLANG_WARN_SUSPICIOUS_MOVE = YES;
				CLANG_WARN_UNGUARDED_AVAILABILITY = YES_AGGRESSIVE;
				CLANG_WARN_UNREACHABLE_CODE = YES;
				CLANG_WARN__DUPLICATE_METHOD_MATCH = YES;
				CODE_SIGN_IDENTITY = "-";
				COPY_PHASE_STRIP = NO;
				DEBUG_INFORMATION_FORMAT = "dwarf-with-dsym";
				ENABLE_NS_ASSERTIONS = NO;
				ENABLE_STRICT_OBJC_MSGSEND = YES;
				GCC_C_LANGUAGE_STANDARD = gnu11;
				GCC_NO_COMMON_BLOCKS = YES;
				GCC_WARN_64_TO_32_BIT_CONVERSION = YES;
				GCC_WARN_ABOUT_RETURN_TYPE = YES_ERROR;
				GCC_WARN_UNDECLARED_SELECTOR = YES;
				GCC_WARN_UNINITIALIZED_AUTOS = YES_AGGRESSIVE;
				GCC_WARN_UNUSED_FUNCTION = YES;
				GCC_WARN_UNUSED_VARIABLE = YES;
				MACOSX_DEPLOYMENT_TARGET = 10.14;
				MTL_ENABLE_DEBUG_INFO = NO;
				MTL_FAST_MATH = YES;
				SDKROOT = macosx;
				SWIFT_COMPILATION_MODE = wholemodule;
				SWIFT_OPTIMIZATION_LEVEL = "-O";
			};
			name = Release;
		};
		BEA56AFC21E6450D000E736C /* Debug */ = {
			isa = XCBuildConfiguration;
			buildSettings = {
				ASSETCATALOG_COMPILER_APPICON_NAME = AppIcon;
				CODE_SIGN_ENTITLEMENTS = GameEngine_Metal/Required/GameEngine_Metal.entitlements;
				CODE_SIGN_STYLE = Automatic;
				COMBINE_HIDPI_IMAGES = YES;
				INFOPLIST_FILE = "$(SRCROOT)/GameEngine_Metal/Required/Info.plist";
				LD_RUNPATH_SEARCH_PATHS = (
					"$(inherited)",
					"@executable_path/../Frameworks",
				);
				PRODUCT_BUNDLE_IDENTIFIER = "com.wesbrown.GameEngine-Metal";
				PRODUCT_NAME = "$(TARGET_NAME)";
				SWIFT_VERSION = 4.2;
			};
			name = Debug;
		};
		BEA56AFD21E6450D000E736C /* Release */ = {
			isa = XCBuildConfiguration;
			buildSettings = {
				ASSETCATALOG_COMPILER_APPICON_NAME = AppIcon;
				CODE_SIGN_ENTITLEMENTS = GameEngine_Metal/Required/GameEngine_Metal.entitlements;
				CODE_SIGN_STYLE = Automatic;
				COMBINE_HIDPI_IMAGES = YES;
				INFOPLIST_FILE = "$(SRCROOT)/GameEngine_Metal/Required/Info.plist";
				LD_RUNPATH_SEARCH_PATHS = (
					"$(inherited)",
					"@executable_path/../Frameworks",
				);
				PRODUCT_BUNDLE_IDENTIFIER = "com.wesbrown.GameEngine-Metal";
				PRODUCT_NAME = "$(TARGET_NAME)";
				SWIFT_VERSION = 4.2;
			};
			name = Release;
		};
/* End XCBuildConfiguration section */

/* Begin XCConfigurationList section */
		BEA56AE321E6450B000E736C /* Build configuration list for PBXProject "GameEngine_Metal" */ = {
			isa = XCConfigurationList;
			buildConfigurations = (
				BEA56AF921E6450D000E736C /* Debug */,
				BEA56AFA21E6450D000E736C /* Release */,
			);
			defaultConfigurationIsVisible = 0;
			defaultConfigurationName = Release;
		};
		BEA56AFB21E6450D000E736C /* Build configuration list for PBXNativeTarget "GameEngine_Metal" */ = {
			isa = XCConfigurationList;
			buildConfigurations = (
				BEA56AFC21E6450D000E736C /* Debug */,
				BEA56AFD21E6450D000E736C /* Release */,
			);
			defaultConfigurationIsVisible = 0;
			defaultConfigurationName = Release;
		};
/* End XCConfigurationList section */

/* Begin XCVersionGroup section */
		BEA56AEF21E6450B000E736C /* GameEngine_Metal.xcdatamodeld */ = {
			isa = XCVersionGroup;
			children = (
				BEA56AF021E6450B000E736C /* GameEngine_Metal.xcdatamodel */,
			);
			currentVersion = BEA56AF021E6450B000E736C /* GameEngine_Metal.xcdatamodel */;
			path = GameEngine_Metal.xcdatamodeld;
			sourceTree = "<group>";
			versionGroupType = wrapper.xcdatamodel;
		};
/* End XCVersionGroup section */
	};
	rootObject = BEA56AE021E6450B000E736C /* Project object */;
}
